{
  "lockfileVersion": 1,
  "configVersion": 1,
  "workspaces": {
    "": {
      "name": "pocketcoder-interface",
      "dependencies": {
        "@agentclientprotocol/sdk": "^0.21.0",
        "pocketbase": "^0.26.8",
      },
      "devDependencies": {
        "@types/node": "^25.3.3",
        "bun-types": "^1.3.10",
      },
    },
  },
  "packages": {
    "@agentclientprotocol/sdk": ["@agentclientprotocol/sdk@0.21.0", "", { "peerDependencies": { "zod": "^3.25.0 || ^4.0.0" } }, "sha512-ONj+Q8qOdNQp5XbH5jnMwzT9IKZJsSN0p0lkceS4GtUtNOPVLpNzSS8gqQdGMKfBvA0ESbkL8BTaSN1Rc9miEw=="],

    "@types/node": ["@types/node@25.3.3", "", { "dependencies": { "undici-types": "~7.18.0" } }, "sha512-DpzbrH7wIcBaJibpKo9nnSQL0MTRdnWttGyE5haGwK86xgMOkFLp7vEyfQPGLOJh5wNYiJ3V9PmUMDhV9u8kkQ=="],

    "bun-types": ["bun-types@1.3.10", "", { "dependencies": { "@types/node": "*" } }, "sha512-tcpfCCl6XWo6nCVnpcVrxQ+9AYN1iqMIzgrSKYMB/fjLtV2eyAVEg7AxQJuCq/26R6HpKWykQXuSOq/21RYcbg=="],

    "pocketbase": ["pocketbase@0.26.8", "", {}, "sha512-aQ/ewvS7ncvAE8wxoW10iAZu6ElgbeFpBhKPnCfvRovNzm2gW8u/sQNPGN6vNgVEagz44kK//C61oKjfa+7Low=="],

    "undici-types": ["undici-types@7.18.2", "", {}, "sha512-AsuCzffGHJybSaRrmr5eHr81mwJU3kjw6M+uprWvCXiNeN9SOGwQ3Jn8jb8m3Z6izVgknn1R0FTCEAP2QrLY/w=="],

    "zod": ["zod@4.4.3", "", {}, "sha512-ytENFjIJFl2UwYglde2jchW2Hwm4GJFLDiSXWdTrJQBIN9Fcyp7n4DhxJEiWNAJMV1/BqWfW/kkg71UDcHJyTQ=="],
  }
}
