{
  "lockfileVersion": 1,
  "configVersion": 1,
  "workspaces": {
    "": {
      "name": "pocketcoder-interface",
      "dependencies": {
        "@opencode-ai/sdk": "latest",
        "@types/eventsource": "^3.0.0",
        "eventsource": "^4.1.0",
        "pocketbase": "^0.26.8",
      },
      "devDependencies": {
        "@types/node": "latest",
        "bun-types": "latest",
      },
    },
  },
  "packages": {
    "@opencode-ai/sdk": ["@opencode-ai/sdk@1.2.15", "", {}, "sha512-NUJNlyBCdZ4R0EBLjJziEQOp2XbRPJosaMcTcWSWO5XJPKGUpz0u8ql+5cR8K+v2RJ+hp2NobtNwpjEYfe6BRQ=="],

    "@types/eventsource": ["@types/eventsource@3.0.0", "", { "dependencies": { "eventsource": "*" } }, "sha512-yEhFj31FTD29DtNeqePu+A+lD6loRef6YOM5XfN1kUwBHyy2DySGlA3jJU+FbQSkrfmlBVluf2Dub/OyReFGKA=="],

    "@types/node": ["@types/node@25.3.3", "", { "dependencies": { "undici-types": "~7.18.0" } }, "sha512-DpzbrH7wIcBaJibpKo9nnSQL0MTRdnWttGyE5haGwK86xgMOkFLp7vEyfQPGLOJh5wNYiJ3V9PmUMDhV9u8kkQ=="],

    "bun-types": ["bun-types@1.3.10", "", { "dependencies": { "@types/node": "*" } }, "sha512-tcpfCCl6XWo6nCVnpcVrxQ+9AYN1iqMIzgrSKYMB/fjLtV2eyAVEg7AxQJuCq/26R6HpKWykQXuSOq/21RYcbg=="],

    "eventsource": ["eventsource@4.1.0", "", { "dependencies": { "eventsource-parser": "^3.0.1" } }, "sha512-2GuF51iuHX6A9xdTccMTsNb7VO0lHZihApxhvQzJB5A03DvHDd2FQepodbMaztPBmBcE/ox7o2gqaxGhYB9LhQ=="],

    "eventsource-parser": ["eventsource-parser@3.0.6", "", {}, "sha512-Vo1ab+QXPzZ4tCa8SwIHJFaSzy4R6SHf7BY79rFBDf0idraZWAkYrDjDj8uWaSm3S2TK+hJ7/t1CEmZ7jXw+pg=="],

    "pocketbase": ["pocketbase@0.26.8", "", {}, "sha512-aQ/ewvS7ncvAE8wxoW10iAZu6ElgbeFpBhKPnCfvRovNzm2gW8u/sQNPGN6vNgVEagz44kK//C61oKjfa+7Low=="],

    "undici-types": ["undici-types@7.18.2", "", {}, "sha512-AsuCzffGHJybSaRrmr5eHr81mwJU3kjw6M+uprWvCXiNeN9SOGwQ3Jn8jb8m3Z6izVgknn1R0FTCEAP2QrLY/w=="],
  }
}
